<Solution>
  <Folder Name="/1 - Domain/">
    <Project Path="GestaoVendas.Domain/GestaoVendas.Domain.csproj" Id="fccb568b-0a3b-4b42-b140-562772f643db" />
  </Folder>
  <Folder Name="/2 - Adapters/" />
  <Folder Name="/2 - Adapters/Primary/" />
  <Folder Name="/2 - Adapters/Secondary/">
    <Project Path="GestaoVendas.Infra.Data/GestaoVendas.Infra.Data.csproj" Id="09f7f740-9af7-4ab0-ace2-4da909a976aa" />
  </Folder>
</Solution>
